// !$*UTF8*$!
{
	archiveVersion = 1;
	classes = {
	};
	objectVersion = 55;
	objects = {

/* Begin PBXBuildFile section */
		ED7E6C9728A83249007F8ECC /* AppDelegate.swift in Sources */ = {isa = PBXBuildFile; fileRef = ED7E6C9628A83249007F8ECC /* AppDelegate.swift */; };
		ED7E6C9928A83249007F8ECC /* SceneDelegate.swift in Sources */ = {isa = PBXBuildFile; fileRef = ED7E6C9828A83249007F8ECC /* SceneDelegate.swift */; };
		ED7E6C9E28A83249007F8ECC /* Main.storyboard in Resources */ = {isa = PBXBuildFile; fileRef = ED7E6C9C28A83249007F8ECC /* Main.storyboard */; };
		ED7E6CA328A8324F007F8ECC /* Assets.xcassets in Resources */ = {isa = PBXBuildFile; fileRef = ED7E6CA228A8324F007F8ECC /* Assets.xcassets */; };
		ED7E6CA628A8324F007F8ECC /* LaunchScreen.storyboard in Resources */ = {isa = PBXBuildFile; fileRef = ED7E6CA428A8324F007F8ECC /* LaunchScreen.storyboard */; };
		ED80BCE728AE7B0400AC0984 /* WelcomeViewController.swift in Sources */ = {isa = PBXBuildFile; fileRef = ED80BCE628AE7B0400AC0984 /* WelcomeViewController.swift */; };
		ED80BCE928AE7B4E00AC0984 /* FoodListViewController.swift in Sources */ = {isa = PBXBuildFile; fileRef = ED80BCE828AE7B4E00AC0984 /* FoodListViewController.swift */; };
		ED8EB9B828D25AA600AC40B9 /* FoodItemCell.xib in Resources */ = {isa = PBXBuildFile; fileRef = ED8EB9B728D25AA600AC40B9 /* FoodItemCell.xib */; };
		ED8EB9BC28D25B0F00AC40B9 /* FoodItemCell.swift in Sources */ = {isa = PBXBuildFile; fileRef = ED8EB9BB28D25B0F00AC40B9 /* FoodItemCell.swift */; };
		EDDE525D28AAE9AE005D6FA7 /* FoodListModel.swift in Sources */ = {isa = PBXBuildFile; fileRef = EDDE525C28AAE9AE005D6FA7 /* FoodListModel.swift */; };
/* End PBXBuildFile section */

/* Begin PBXFileReference section */
		ED7E6C9328A83249007F8ECC /* TargetOrToast.app */ = {isa = PBXFileReference; explicitFileType = wrapper.application; includeInIndex = 0; path = TargetOrToast.app; sourceTree = BUILT_PRODUCTS_DIR; };
		ED7E6C9628A83249007F8ECC /* AppDelegate.swift */ = {isa = PBXFileReference; lastKnownFileType = sourcecode.swift; path = AppDelegate.swift; sourceTree = "<group>"; };
		ED7E6C9828A83249007F8ECC /* SceneDelegate.swift */ = {isa = PBXFileReference; lastKnownFileType = sourcecode.swift; path = SceneDelegate.swift; sourceTree = "<group>"; };
		ED7E6C9D28A83249007F8ECC /* Base */ = {isa = PBXFileReference; lastKnownFileType = file.storyboard; name = Base; path = Base.lproj/Main.storyboard; sourceTree = "<group>"; };
		ED7E6CA228A8324F007F8ECC /* Assets.xcassets */ = {isa = PBXFileReference; lastKnownFileType = folder.assetcatalog; path = Assets.xcassets; sourceTree = "<group>"; };
		ED7E6CA528A8324F007F8ECC /* Base */ = {isa = PBXFileReference; lastKnownFileType = file.storyboard; name = Base; path = Base.lproj/LaunchScreen.storyboard; sourceTree = "<group>"; };
		ED7E6CA728A8324F007F8ECC /* Info.plist */ = {isa = PBXFileReference; lastKnownFileType = text.plist.xml; path = Info.plist; sourceTree = "<group>"; };
		ED80BCE628AE7B0400AC0984 /* WelcomeViewController.swift */ = {isa = PBXFileReference; lastKnownFileType = sourcecode.swift; path = WelcomeViewController.swift; sourceTree = "<group>"; };
		ED80BCE828AE7B4E00AC0984 /* FoodListViewController.swift */ = {isa = PBXFileReference; lastKnownFileType = sourcecode.swift; path = FoodListViewController.swift; sourceTree = "<group>"; };
		ED8EB9B728D25AA600AC40B9 /* FoodItemCell.xib */ = {isa = PBXFileReference; lastKnownFileType = file.xib; path = FoodItemCell.xib; sourceTree = "<group>"; };
		ED8EB9BB28D25B0F00AC40B9 /* FoodItemCell.swift */ = {isa = PBXFileReference; lastKnownFileType = sourcecode.swift; path = FoodItemCell.swift; sourceTree = "<group>"; };
		EDDE525C28AAE9AE005D6FA7 /* FoodListModel.swift */ = {isa = PBXFileReference; lastKnownFileType = sourcecode.swift; path = FoodListModel.swift; sourceTree = "<group>"; };
/* End PBXFileReference section */

/* Begin PBXFrameworksBuildPhase section */
		ED7E6C9028A83249007F8ECC /* Frameworks */ = {
			isa = PBXFrameworksBuildPhase;
			buildActionMask = 2147483647;
			files = (
			);
			runOnlyForDeploymentPostprocessing = 0;
		};
/* End PBXFrameworksBuildPhase section */

/* Begin PBXGroup section */
		ED7E6C8A28A83249007F8ECC = {
			isa = PBXGroup;
			children = (
				ED7E6C9528A83249007F8ECC /* TargetOrToast */,
				ED7E6C9428A83249007F8ECC /* Products */,
			);
			sourceTree = "<group>";
		};
		ED7E6C9428A83249007F8ECC /* Products */ = {
			isa = PBXGroup;
			children = (
				ED7E6C9328A83249007F8ECC /* TargetOrToast.app */,
			);
			name = Products;
			sourceTree = "<group>";
		};
		ED7E6C9528A83249007F8ECC /* TargetOrToast */ = {
			isa = PBXGroup;
			children = (
				ED7E6C9628A83249007F8ECC /* AppDelegate.swift */,
				ED7E6C9828A83249007F8ECC /* SceneDelegate.swift */,
				EDDE525E28AAE9B7005D6FA7 /* Model */,
				EDDE526028AAEA20005D6FA7 /* View */,
				EDDE525F28AAE9C7005D6FA7 /* Controller */,
				ED7E6CA228A8324F007F8ECC /* Assets.xcassets */,
				ED7E6CA428A8324F007F8ECC /* LaunchScreen.storyboard */,
				ED7E6CA728A8324F007F8ECC /* Info.plist */,
			);
			path = TargetOrToast;
			sourceTree = "<group>";
		};
		EDDE525E28AAE9B7005D6FA7 /* Model */ = {
			isa = PBXGroup;
			children = (
				EDDE525C28AAE9AE005D6FA7 /* FoodListModel.swift */,
			);
			path = Model;
			sourceTree = "<group>";
		};
		EDDE525F28AAE9C7005D6FA7 /* Controller */ = {
			isa = PBXGroup;
			children = (
				ED80BCE628AE7B0400AC0984 /* WelcomeViewController.swift */,
				ED80BCE828AE7B4E00AC0984 /* FoodListViewController.swift */,
			);
			path = Controller;
			sourceTree = "<group>";
		};
		EDDE526028AAEA20005D6FA7 /* View */ = {
			isa = PBXGroup;
			children = (
				ED7E6C9C28A83249007F8ECC /* Main.storyboard */,
				ED8EB9B728D25AA600AC40B9 /* FoodItemCell.xib */,
				ED8EB9BB28D25B0F00AC40B9 /* FoodItemCell.swift */,
			);
			path = View;
			sourceTree = "<group>";
		};
/* End PBXGroup section */

/* Begin PBXNativeTarget section */
		ED7E6C9228A83249007F8ECC /* TargetOrToast */ = {
			isa = PBXNativeTarget;
			buildConfigurationList = ED7E6CAA28A8324F007F8ECC /* Build configuration list for PBXNativeTarget "TargetOrToast" */;
			buildPhases = (
				ED7E6C8F28A83249007F8ECC /* Sources */,
				ED7E6C9028A83249007F8ECC /* Frameworks */,
				ED7E6C9128A83249007F8ECC /* Resources */,
			);
			buildRules = (
			);
			dependencies = (
			);
			name = TargetOrToast;
			productName = TargetOrToast;
			productReference = ED7E6C9328A83249007F8ECC /* TargetOrToast.app */;
			productType = "com.apple.product-type.application";
		};
/* End PBXNativeTarget section */

/* Begin PBXProject section */
		ED7E6C8B28A83249007F8ECC /* Project object */ = {
			isa = PBXProject;
			attributes = {
				BuildIndependentTargetsInParallel = 1;
				LastSwiftUpdateCheck = 1330;
				LastUpgradeCheck = 1330;
				TargetAttributes = {
					ED7E6C9228A83249007F8ECC = {
						CreatedOnToolsVersion = 13.3;
					};
				};
			};
			buildConfigurationList = ED7E6C8E28A83249007F8ECC /* Build configuration list for PBXProject "TargetOrToast" */;
			compatibilityVersion = "Xcode 13.0";
			developmentRegion = en;
			hasScannedForEncodings = 0;
			knownRegions = (
				en,
				Base,
			);
			mainGroup = ED7E6C8A28A83249007F8ECC;
			productRefGroup = ED7E6C9428A83249007F8ECC /* Products */;
			projectDirPath = "";
			projectRoot = "";
			targets = (
				ED7E6C9228A83249007F8ECC /* TargetOrToast */,
			);
		};
/* End PBXProject section */

/* Begin PBXResourcesBuildPhase section */
		ED7E6C9128A83249007F8ECC /* Resources */ = {
			isa = PBXResourcesBuildPhase;
			buildActionMask = 2147483647;
			files = (
				ED8EB9B828D25AA600AC40B9 /* FoodItemCell.xib in Resources */,
				ED7E6CA628A8324F007F8ECC /* LaunchScreen.storyboard in Resources */,
				ED7E6CA328A8324F007F8ECC /* Assets.xcassets in Resources */,
				ED7E6C9E28A83249007F8ECC /* Main.storyboard in Resources */,
			);
			runOnlyForDeploymentPostprocessing = 0;
		};
/* End PBXResourcesBuildPhase section */

/* Begin PBXSourcesBuildPhase section */
		ED7E6C8F28A83249007F8ECC /* Sources */ = {
			isa = PBXSourcesBuildPhase;
			buildActionMask = 2147483647;
			files = (
				ED8EB9BC28D25B0F00AC40B9 /* FoodItemCell.swift in Sources */,
				EDDE525D28AAE9AE005D6FA7 /* FoodListModel.swift in Sources */,
				ED80BCE928AE7B4E00AC0984 /* FoodListViewController.swift in Sources */,
				ED80BCE728AE7B0400AC0984 /* WelcomeViewController.swift in Sources */,
				ED7E6C9728A83249007F8ECC /* AppDelegate.swift in Sources */,
				ED7E6C9928A83249007F8ECC /* SceneDelegate.swift in Sources */,
			);
			runOnlyForDeploymentPostprocessing = 0;
		};
/* End PBXSourcesBuildPhase section */

/* Begin PBXVariantGroup section */
		ED7E6C9C28A83249007F8ECC /* Main.storyboard */ = {
			isa = PBXVariantGroup;
			children = (
				ED7E6C9D28A83249007F8ECC /* Base */,
			);
			name = Main.storyboard;
			sourceTree = "<group>";
		};
		ED7E6CA428A8324F007F8ECC /* LaunchScreen.storyboard */ = {
			isa = PBXVariantGroup;
			children = (
				ED7E6CA528A8324F007F8ECC /* Base */,
			);
			name = LaunchScreen.storyboard;
			sourceTree = "<group>";
		};
/* End PBXVariantGroup section */

/* Begin XCBuildConfiguration section */
		ED7E6CA828A8324F007F8ECC /* Debug */ = {
			isa = XCBuildConfiguration;
			buildSettings = {
				ALWAYS_SEARCH_USER_PATHS = NO;
				CLANG_ANALYZER_NONNULL = YES;
				CLANG_ANALYZER_NUMBER_OBJECT_CONVERSION = YES_AGGRESSIVE;
				CLANG_CXX_LANGUAGE_STANDARD = "gnu++17";
				CLANG_ENABLE_MODULES = YES;
				CLANG_ENABLE_OBJC_ARC = YES;
				CLANG_ENABLE_OBJC_WEAK = YES;
				CLANG_WARN_BLOCK_CAPTURE_AUTORELEASING = YES;
				CLANG_WARN_BOOL_CONVERSION = YES;
				CLANG_WARN_COMMA = YES;
				CLANG_WARN_CONSTANT_CONVERSION = YES;
				CLANG_WARN_DEPRECATED_OBJC_IMPLEMENTATIONS = YES;
				CLANG_WARN_DIRECT_OBJC_ISA_USAGE = YES_ERROR;
				CLANG_WARN_DOCUMENTATION_COMMENTS = YES;
				CLANG_WARN_EMPTY_BODY = YES;
				CLANG_WARN_ENUM_CONVERSION = YES;
				CLANG_WARN_INFINITE_RECURSION = YES;
				CLANG_WARN_INT_CONVERSION = YES;
				CLANG_WARN_NON_LITERAL_NULL_CONVERSION = YES;
				CLANG_WARN_OBJC_IMPLICIT_RETAIN_SELF = YES;
				CLANG_WARN_OBJC_LITERAL_CONVERSION = YES;
				CLANG_WARN_OBJC_ROOT_CLASS = YES_ERROR;
				CLANG_WARN_QUOTED_INCLUDE_IN_FRAMEWORK_HEADER = YES;
				CLANG_WARN_RANGE_LOOP_ANALYSIS = YES;
				CLANG_WARN_STRICT_PROTOTYPES = YES;
				CLANG_WARN_SUSPICIOUS_MOVE = YES;
				CLANG_WARN_UNGUARDED_AVAILABILITY = YES_AGGRESSIVE;
				CLANG_WARN_UNREACHABLE_CODE = YES;
				CLANG_WARN__DUPLICATE_METHOD_MATCH = YES;
				COPY_PHASE_STRIP = NO;
				DEBUG_INFORMATION_FORMAT = dwarf;
				ENABLE_STRICT_OBJC_MSGSEND = YES;
				ENABLE_TESTABILITY = YES;
				GCC_C_LANGUAGE_STANDARD = gnu11;
				GCC_DYNAMIC_NO_PIC = NO;
				GCC_NO_COMMON_BLOCKS = YES;
				GCC_OPTIMIZATION_LEVEL = 0;
				GCC_PREPROCESSOR_DEFINITIONS = (
					"DEBUG=1",
					"$(inherited)",
				);
				GCC_WARN_64_TO_32_BIT_CONVERSION = YES;
				GCC_WARN_ABOUT_RETURN_TYPE = YES_ERROR;
				GCC_WARN_UNDECLARED_SELECTOR = YES;
				GCC_WARN_UNINITIALIZED_AUTOS = YES_AGGRESSIVE;
				GCC_WARN_UNUSED_FUNCTION = YES;
				GCC_WARN_UNUSED_VARIABLE = YES;
				IPHONEOS_DEPLOYMENT_TARGET = 15.4;
				MTL_ENABLE_DEBUG_INFO = INCLUDE_SOURCE;
				MTL_FAST_MATH = YES;
				ONLY_ACTIVE_ARCH = YES;
				SDKROOT = iphoneos;
				SWIFT_ACTIVE_COMPILATION_CONDITIONS = DEBUG;
				SWIFT_OPTIMIZATION_LEVEL = "-Onone";
			};
			name = Debug;
		};
		ED7E6CA928A8324F007F8ECC /* Release */ = {
			isa = XCBuildConfiguration;
			buildSettings = {
				ALWAYS_SEARCH_USER_PATHS = NO;
				CLANG_ANALYZER_NONNULL = YES;
				CLANG_ANALYZER_NUMBER_OBJECT_CONVERSION = YES_AGGRESSIVE;
				CLANG_CXX_LANGUAGE_STANDARD = "gnu++17";
				CLANG_ENABLE_MODULES = YES;
				CLANG_ENABLE_OBJC_ARC = YES;
				CLANG_ENABLE_OBJC_WEAK = YES;
				CLANG_WARN_BLOCK_CAPTURE_AUTORELEASING = YES;
				CLANG_WARN_BOOL_CONVERSION = YES;
				CLANG_WARN_COMMA = YES;
				CLANG_WARN_CONSTANT_CONVERSION = YES;
				CLANG_WARN_DEPRECATED_OBJC_IMPLEMENTATIONS = YES;
				CLANG_WARN_DIRECT_OBJC_ISA_USAGE = YES_ERROR;
				CLANG_WARN_DOCUMENTATION_COMMENTS = YES;
				CLANG_WARN_EMPTY_BODY = YES;
				CLANG_WARN_ENUM_CONVERSION = YES;
				CLANG_WARN_INFINITE_RECURSION = YES;
				CLANG_WARN_INT_CONVERSION = YES;
				CLANG_WARN_NON_LITERAL_NULL_CONVERSION = YES;
				CLANG_WARN_OBJC_IMPLICIT_RETAIN_SELF = YES;
				CLANG_WARN_OBJC_LITERAL_CONVERSION = YES;
				CLANG_WARN_OBJC_ROOT_CLASS = YES_ERROR;
				CLANG_WARN_QUOTED_INCLUDE_IN_FRAMEWORK_HEADER = YES;
				CLANG_WARN_RANGE_LOOP_ANALYSIS = YES;
				CLANG_WARN_STRICT_PROTOTYPES = YES;
				CLANG_WARN_SUSPICIOUS_MOVE = YES;
				CLANG_WARN_UNGUARDED_AVAILABILITY = YES_AGGRESSIVE;
				CLANG_WARN_UNREACHABLE_CODE = YES;
				CLANG_WARN__DUPLICATE_METHOD_MATCH = YES;
				COPY_PHASE_STRIP = NO;
				DEBUG_INFORMATION_FORMAT = "dwarf-with-dsym";
				ENABLE_NS_ASSERTIONS = NO;
				ENABLE_STRICT_OBJC_MSGSEND = YES;
				GCC_C_LANGUAGE_STANDARD = gnu11;
				GCC_NO_COMMON_BLOCKS = YES;
				GCC_WARN_64_TO_32_BIT_CONVERSION = YES;
				GCC_WARN_ABOUT_RETURN_TYPE = YES_ERROR;
				GCC_WARN_UNDECLARED_SELECTOR = YES;
				GCC_WARN_UNINITIALIZED_AUTOS = YES_AGGRESSIVE;
				GCC_WARN_UNUSED_FUNCTION = YES;
				GCC_WARN_UNUSED_VARIABLE = YES;
				IPHONEOS_DEPLOYMENT_TARGET = 15.4;
				MTL_ENABLE_DEBUG_INFO = NO;
				MTL_FAST_MATH = YES;
				SDKROOT = iphoneos;
				SWIFT_COMPILATION_MODE = wholemodule;
				SWIFT_OPTIMIZATION_LEVEL = "-O";
				VALIDATE_PRODUCT = YES;
			};
			name = Release;
		};
		ED7E6CAB28A8324F007F8ECC /* Debug */ = {
			isa = XCBuildConfiguration;
			buildSettings = {
				ASSETCATALOG_COMPILER_APPICON_NAME = AppIcon;
				ASSETCATALOG_COMPILER_GLOBAL_ACCENT_COLOR_NAME = AccentColor;
				CODE_SIGN_STYLE = Automatic;
				CURRENT_PROJECT_VERSION = 1;
				DEVELOPMENT_TEAM = 38R78U4ZB6;
				GENERATE_INFOPLIST_FILE = YES;
				INFOPLIST_FILE = TargetOrToast/Info.plist;
				INFOPLIST_KEY_UIApplicationSupportsIndirectInputEvents = YES;
				INFOPLIST_KEY_UILaunchStoryboardName = LaunchScreen;
				INFOPLIST_KEY_UIMainStoryboardFile = Main;
				INFOPLIST_KEY_UISupportedInterfaceOrientations_iPad = "UIInterfaceOrientationPortrait UIInterfaceOrientationPortraitUpsideDown UIInterfaceOrientationLandscapeLeft UIInterfaceOrientationLandscapeRight";
				INFOPLIST_KEY_UISupportedInterfaceOrientations_iPhone = "UIInterfaceOrientationPortrait UIInterfaceOrientationLandscapeLeft UIInterfaceOrientationLandscapeRight";
				LD_RUNPATH_SEARCH_PATHS = (
					"$(inherited)",
					"@executable_path/Frameworks",
				);
				MARKETING_VERSION = 1.0;
				PRODUCT_BUNDLE_IDENTIFIER = webdevinar.TargetOrToast;
				PRODUCT_NAME = "$(TARGET_NAME)";
				SWIFT_EMIT_LOC_STRINGS = YES;
				SWIFT_VERSION = 5.0;
				TARGETED_DEVICE_FAMILY = "1,2";
			};
			name = Debug;
		};
		ED7E6CAC28A8324F007F8ECC /* Release */ = {
			isa = XCBuildConfiguration;
			buildSettings = {
				ASSETCATALOG_COMPILER_APPICON_NAME = AppIcon;
				ASSETCATALOG_COMPILER_GLOBAL_ACCENT_COLOR_NAME = AccentColor;
				CODE_SIGN_STYLE = Automatic;
				CURRENT_PROJECT_VERSION = 1;
				DEVELOPMENT_TEAM = 38R78U4ZB6;
				GENERATE_INFOPLIST_FILE = YES;
				INFOPLIST_FILE = TargetOrToast/Info.plist;
				INFOPLIST_KEY_UIApplicationSupportsIndirectInputEvents = YES;
				INFOPLIST_KEY_UILaunchStoryboardName = LaunchScreen;
				INFOPLIST_KEY_UIMainStoryboardFile = Main;
				INFOPLIST_KEY_UISupportedInterfaceOrientations_iPad = "UIInterfaceOrientationPortrait UIInterfaceOrientationPortraitUpsideDown UIInterfaceOrientationLandscapeLeft UIInterfaceOrientationLandscapeRight";
				INFOPLIST_KEY_UISupportedInterfaceOrientations_iPhone = "UIInterfaceOrientationPortrait UIInterfaceOrientationLandscapeLeft UIInterfaceOrientationLandscapeRight";
				LD_RUNPATH_SEARCH_PATHS = (
					"$(inherited)",
					"@executable_path/Frameworks",
				);
				MARKETING_VERSION = 1.0;
				PRODUCT_BUNDLE_IDENTIFIER = webdevinar.TargetOrToast;
				PRODUCT_NAME = "$(TARGET_NAME)";
				SWIFT_EMIT_LOC_STRINGS = YES;
				SWIFT_VERSION = 5.0;
				TARGETED_DEVICE_FAMILY = "1,2";
			};
			name = Release;
		};
/* End XCBuildConfiguration section */

/* Begin XCConfigurationList section */
		ED7E6C8E28A83249007F8ECC /* Build configuration list for PBXProject "TargetOrToast" */ = {
			isa = XCConfigurationList;
			buildConfigurations = (
				ED7E6CA828A8324F007F8ECC /* Debug */,
				ED7E6CA928A8324F007F8ECC /* Release */,
			);
			defaultConfigurationIsVisible = 0;
			defaultConfigurationName = Release;
		};
		ED7E6CAA28A8324F007F8ECC /* Build configuration list for PBXNativeTarget "TargetOrToast" */ = {
			isa = XCConfigurationList;
			buildConfigurations = (
				ED7E6CAB28A8324F007F8ECC /* Debug */,
				ED7E6CAC28A8324F007F8ECC /* Release */,
			);
			defaultConfigurationIsVisible = 0;
			defaultConfigurationName = Release;
		};
/* End XCConfigurationList section */
	};
	rootObject = ED7E6C8B28A83249007F8ECC /* Project object */;
}
